// !$*UTF8*$!
{
	archiveVersion = 1;
	classes = {
	};
	objectVersion = 50;
	objects = {

/* Begin PBXBuildFile section */
		D96C529322780BCF00449083 /* AppDelegate.swift in Sources */ = {isa = PBXBuildFile; fileRef = D96C529222780BCF00449083 /* AppDelegate.swift */; };
		D96C529522780BCF00449083 /* ViewController.swift in Sources */ = {isa = PBXBuildFile; fileRef = D96C529422780BCF00449083 /* ViewController.swift */; };
		D96C529822780BCF00449083 /* Main.storyboard in Resources */ = {isa = PBXBuildFile; fileRef = D96C529622780BCF00449083 /* Main.storyboard */; };
		D96C529A22780BD100449083 /* Assets.xcassets in Resources */ = {isa = PBXBuildFile; fileRef = D96C529922780BD100449083 /* Assets.xcassets */; };
		D96C529D22780BD100449083 /* LaunchScreen.storyboard in Resources */ = {isa = PBXBuildFile; fileRef = D96C529B22780BD100449083 /* LaunchScreen.storyboard */; };
		D96C52A622780E7E00449083 /* SpotlightSearchManager.swift in Sources */ = {isa = PBXBuildFile; fileRef = D96C52A522780E7E00449083 /* SpotlightSearchManager.swift */; };
		D96C52A92278157800449083 /* SportlightSearchItemModel.swift in Sources */ = {isa = PBXBuildFile; fileRef = D96C52A82278157800449083 /* SportlightSearchItemModel.swift */; };
/* End PBXBuildFile section */

/* Begin PBXFileReference section */
		D96C528F22780BCF00449083 /* SpotlightSearchDemo.app */ = {isa = PBXFileReference; explicitFileType = wrapper.application; includeInIndex = 0; path = SpotlightSearchDemo.app; sourceTree = BUILT_PRODUCTS_DIR; };
		D96C529222780BCF00449083 /* AppDelegate.swift */ = {isa = PBXFileReference; lastKnownFileType = sourcecode.swift; path = AppDelegate.swift; sourceTree = "<group>"; };
		D96C529422780BCF00449083 /* ViewController.swift */ = {isa = PBXFileReference; lastKnownFileType = sourcecode.swift; path = ViewController.swift; sourceTree = "<group>"; };
		D96C529722780BCF00449083 /* Base */ = {isa = PBXFileReference; lastKnownFileType = file.storyboard; name = Base; path = Base.lproj/Main.storyboard; sourceTree = "<group>"; };
		D96C529922780BD100449083 /* Assets.xcassets */ = {isa = PBXFileReference; lastKnownFileType = folder.assetcatalog; path = Assets.xcassets; sourceTree = "<group>"; };
		D96C529C22780BD100449083 /* Base */ = {isa = PBXFileReference; lastKnownFileType = file.storyboard; name = Base; path = Base.lproj/LaunchScreen.storyboard; sourceTree = "<group>"; };
		D96C529E22780BD100449083 /* Info.plist */ = {isa = PBXFileReference; lastKnownFileType = text.plist.xml; path = Info.plist; sourceTree = "<group>"; };
		D96C52A522780E7E00449083 /* SpotlightSearchManager.swift */ = {isa = PBXFileReference; lastKnownFileType = sourcecode.swift; path = SpotlightSearchManager.swift; sourceTree = "<group>"; };
		D96C52A82278157800449083 /* SportlightSearchItemModel.swift */ = {isa = PBXFileReference; lastKnownFileType = sourcecode.swift; path = SportlightSearchItemModel.swift; sourceTree = "<group>"; };
/* End PBXFileReference section */

/* Begin PBXFrameworksBuildPhase section */
		D96C528C22780BCF00449083 /* Frameworks */ = {
			isa = PBXFrameworksBuildPhase;
			buildActionMask = 2147483647;
			files = (
			);
			runOnlyForDeploymentPostprocessing = 0;
		};
/* End PBXFrameworksBuildPhase section */

/* Begin PBXGroup section */
		D96C528622780BCF00449083 = {
			isa = PBXGroup;
			children = (
				D96C529122780BCF00449083 /* SpotlightSearchDemo */,
				D96C529022780BCF00449083 /* Products */,
			);
			sourceTree = "<group>";
		};
		D96C529022780BCF00449083 /* Products */ = {
			isa = PBXGroup;
			children = (
				D96C528F22780BCF00449083 /* SpotlightSearchDemo.app */,
			);
			name = Products;
			sourceTree = "<group>";
		};
		D96C529122780BCF00449083 /* SpotlightSearchDemo */ = {
			isa = PBXGroup;
			children = (
				D96C52A72278155F00449083 /* SpotlightSearch */,
				D96C529422780BCF00449083 /* ViewController.swift */,
				D96C529622780BCF00449083 /* Main.storyboard */,
				D96C529222780BCF00449083 /* AppDelegate.swift */,
				D96C529922780BD100449083 /* Assets.xcassets */,
				D96C529B22780BD100449083 /* LaunchScreen.storyboard */,
				D96C529E22780BD100449083 /* Info.plist */,
			);
			path = SpotlightSearchDemo;
			sourceTree = "<group>";
		};
		D96C52A72278155F00449083 /* SpotlightSearch */ = {
			isa = PBXGroup;
			children = (
				D96C52A522780E7E00449083 /* SpotlightSearchManager.swift */,
				D96C52A82278157800449083 /* SportlightSearchItemModel.swift */,
			);
			path = SpotlightSearch;
			sourceTree = "<group>";
		};
/* End PBXGroup section */

/* Begin PBXNativeTarget section */
		D96C528E22780BCF00449083 /* SpotlightSearchDemo */ = {
			isa = PBXNativeTarget;
			buildConfigurationList = D96C52A122780BD100449083 /* Build configuration list for PBXNativeTarget "SpotlightSearchDemo" */;
			buildPhases = (
				D96C528B22780BCF00449083 /* Sources */,
				D96C528C22780BCF00449083 /* Frameworks */,
				D96C528D22780BCF00449083 /* Resources */,
			);
			buildRules = (
			);
			dependencies = (
			);
			name = SpotlightSearchDemo;
			productName = SpotlightSearchDemo;
			productReference = D96C528F22780BCF00449083 /* SpotlightSearchDemo.app */;
			productType = "com.apple.product-type.application";
		};
/* End PBXNativeTarget section */

/* Begin PBXProject section */
		D96C528722780BCF00449083 /* Project object */ = {
			isa = PBXProject;
			attributes = {
				LastSwiftUpdateCheck = 1010;
				LastUpgradeCheck = 1010;
				ORGANIZATIONNAME = Sylvia;
				TargetAttributes = {
					D96C528E22780BCF00449083 = {
						CreatedOnToolsVersion = 10.1;
					};
				};
			};
			buildConfigurationList = D96C528A22780BCF00449083 /* Build configuration list for PBXProject "SpotlightSearchDemo" */;
			compatibilityVersion = "Xcode 9.3";
			developmentRegion = en;
			hasScannedForEncodings = 0;
			knownRegions = (
				en,
				Base,
			);
			mainGroup = D96C528622780BCF00449083;
			productRefGroup = D96C529022780BCF00449083 /* Products */;
			projectDirPath = "";
			projectRoot = "";
			targets = (
				D96C528E22780BCF00449083 /* SpotlightSearchDemo */,
			);
		};
/* End PBXProject section */

/* Begin PBXResourcesBuildPhase section */
		D96C528D22780BCF00449083 /* Resources */ = {
			isa = PBXResourcesBuildPhase;
			buildActionMask = 2147483647;
			files = (
				D96C529D22780BD100449083 /* LaunchScreen.storyboard in Resources */,
				D96C529A22780BD100449083 /* Assets.xcassets in Resources */,
				D96C529822780BCF00449083 /* Main.storyboard in Resources */,
			);
			runOnlyForDeploymentPostprocessing = 0;
		};
/* End PBXResourcesBuildPhase section */

/* Begin PBXSourcesBuildPhase section */
		D96C528B22780BCF00449083 /* Sources */ = {
			isa = PBXSourcesBuildPhase;
			buildActionMask = 2147483647;
			files = (
				D96C52A92278157800449083 /* SportlightSearchItemModel.swift in Sources */,
				D96C52A622780E7E00449083 /* SpotlightSearchManager.swift in Sources */,
				D96C529522780BCF00449083 /* ViewController.swift in Sources */,
				D96C529322780BCF00449083 /* AppDelegate.swift in Sources */,
			);
			runOnlyForDeploymentPostprocessing = 0;
		};
/* End PBXSourcesBuildPhase section */

/* Begin PBXVariantGroup section */
		D96C529622780BCF00449083 /* Main.storyboard */ = {
			isa = PBXVariantGroup;
			children = (
				D96C529722780BCF00449083 /* Base */,
			);
			name = Main.storyboard;
			sourceTree = "<group>";
		};
		D96C529B22780BD100449083 /* LaunchScreen.storyboard */ = {
			isa = PBXVariantGroup;
			children = (
				D96C529C22780BD100449083 /* Base */,
			);
			name = LaunchScreen.storyboard;
			sourceTree = "<group>";
		};
/* End PBXVariantGroup section */

/* Begin XCBuildConfiguration section */
		D96C529F22780BD100449083 /* Debug */ = {
			isa = XCBuildConfiguration;
			buildSettings = {
				ALWAYS_SEARCH_USER_PATHS = NO;
				CLANG_ANALYZER_NONNULL = YES;
				CLANG_ANALYZER_NUMBER_OBJECT_CONVERSION = YES_AGGRESSIVE;
				CLANG_CXX_LANGUAGE_STANDARD = "gnu++14";
				CLANG_CXX_LIBRARY = "libc++";
				CLANG_ENABLE_MODULES = YES;
				CLANG_ENABLE_OBJC_ARC = YES;
				CLANG_ENABLE_OBJC_WEAK = YES;
				CLANG_WARN_BLOCK_CAPTURE_AUTORELEASING = YES;
				CLANG_WARN_BOOL_CONVERSION = YES;
				CLANG_WARN_COMMA = YES;
				CLANG_WARN_CONSTANT_CONVERSION = YES;
				CLANG_WARN_DEPRECATED_OBJC_IMPLEMENTATIONS = YES;
				CLANG_WARN_DIRECT_OBJC_ISA_USAGE = YES_ERROR;
				CLANG_WARN_DOCUMENTATION_COMMENTS = YES;
				CLANG_WARN_EMPTY_BODY = YES;
				CLANG_WARN_ENUM_CONVERSION = YES;
				CLANG_WARN_INFINITE_RECURSION = YES;
				CLANG_WARN_INT_CONVERSION = YES;
				CLANG_WARN_NON_LITERAL_NULL_CONVERSION = YES;
				CLANG_WARN_OBJC_IMPLICIT_RETAIN_SELF = YES;
				CLANG_WARN_OBJC_LITERAL_CONVERSION = YES;
				CLANG_WARN_OBJC_ROOT_CLASS = YES_ERROR;
				CLANG_WARN_RANGE_LOOP_ANALYSIS = YES;
				CLANG_WARN_STRICT_PROTOTYPES = YES;
				CLANG_WARN_SUSPICIOUS_MOVE = YES;
				CLANG_WARN_UNGUARDED_AVAILABILITY = YES_AGGRESSIVE;
				CLANG_WARN_UNREACHABLE_CODE = YES;
				CLANG_WARN__DUPLICATE_METHOD_MATCH = YES;
				CODE_SIGN_IDENTITY = "iPhone Developer";
				COPY_PHASE_STRIP = NO;
				DEBUG_INFORMATION_FORMAT = dwarf;
				ENABLE_STRICT_OBJC_MSGSEND = YES;
				ENABLE_TESTABILITY = YES;
				GCC_C_LANGUAGE_STANDARD = gnu11;
				GCC_DYNAMIC_NO_PIC = NO;
				GCC_NO_COMMON_BLOCKS = YES;
				GCC_OPTIMIZATION_LEVEL = 0;
				GCC_PREPROCESSOR_DEFINITIONS = (
					"DEBUG=1",
					"$(inherited)",
				);
				GCC_WARN_64_TO_32_BIT_CONVERSION = YES;
				GCC_WARN_ABOUT_RETURN_TYPE = YES_ERROR;
				GCC_WARN_UNDECLARED_SELECTOR = YES;
				GCC_WARN_UNINITIALIZED_AUTOS = YES_AGGRESSIVE;
				GCC_WARN_UNUSED_FUNCTION = YES;
				GCC_WARN_UNUSED_VARIABLE = YES;
				IPHONEOS_DEPLOYMENT_TARGET = 12.1;
				MTL_ENABLE_DEBUG_INFO = INCLUDE_SOURCE;
				MTL_FAST_MATH = YES;
				ONLY_ACTIVE_ARCH = YES;
				SDKROOT = iphoneos;
				SWIFT_ACTIVE_COMPILATION_CONDITIONS = DEBUG;
				SWIFT_OPTIMIZATION_LEVEL = "-Onone";
			};
			name = Debug;
		};
		D96C52A022780BD100449083 /* Release */ = {
			isa = XCBuildConfiguration;
			buildSettings = {
				ALWAYS_SEARCH_USER_PATHS = NO;
				CLANG_ANALYZER_NONNULL = YES;
				CLANG_ANALYZER_NUMBER_OBJECT_CONVERSION = YES_AGGRESSIVE;
				CLANG_CXX_LANGUAGE_STANDARD = "gnu++14";
				CLANG_CXX_LIBRARY = "libc++";
				CLANG_ENABLE_MODULES = YES;
				CLANG_ENABLE_OBJC_ARC = YES;
				CLANG_ENABLE_OBJC_WEAK = YES;
				CLANG_WARN_BLOCK_CAPTURE_AUTORELEASING = YES;
				CLANG_WARN_BOOL_CONVERSION = YES;
				CLANG_WARN_COMMA = YES;
				CLANG_WARN_CONSTANT_CONVERSION = YES;
				CLANG_WARN_DEPRECATED_OBJC_IMPLEMENTATIONS = YES;
				CLANG_WARN_DIRECT_OBJC_ISA_USAGE = YES_ERROR;
				CLANG_WARN_DOCUMENTATION_COMMENTS = YES;
				CLANG_WARN_EMPTY_BODY = YES;
				CLANG_WARN_ENUM_CONVERSION = YES;
				CLANG_WARN_INFINITE_RECURSION = YES;
				CLANG_WARN_INT_CONVERSION = YES;
				CLANG_WARN_NON_LITERAL_NULL_CONVERSION = YES;
				CLANG_WARN_OBJC_IMPLICIT_RETAIN_SELF = YES;
				CLANG_WARN_OBJC_LITERAL_CONVERSION = YES;
				CLANG_WARN_OBJC_ROOT_CLASS = YES_ERROR;
				CLANG_WARN_RANGE_LOOP_ANALYSIS = YES;
				CLANG_WARN_STRICT_PROTOTYPES = YES;
				CLANG_WARN_SUSPICIOUS_MOVE = YES;
				CLANG_WARN_UNGUARDED_AVAILABILITY = YES_AGGRESSIVE;
				CLANG_WARN_UNREACHABLE_CODE = YES;
				CLANG_WARN__DUPLICATE_METHOD_MATCH = YES;
				CODE_SIGN_IDENTITY = "iPhone Developer";
				COPY_PHASE_STRIP = NO;
				DEBUG_INFORMATION_FORMAT = "dwarf-with-dsym";
				ENABLE_NS_ASSERTIONS = NO;
				ENABLE_STRICT_OBJC_MSGSEND = YES;
				GCC_C_LANGUAGE_STANDARD = gnu11;
				GCC_NO_COMMON_BLOCKS = YES;
				GCC_WARN_64_TO_32_BIT_CONVERSION = YES;
				GCC_WARN_ABOUT_RETURN_TYPE = YES_ERROR;
				GCC_WARN_UNDECLARED_SELECTOR = YES;
				GCC_WARN_UNINITIALIZED_AUTOS = YES_AGGRESSIVE;
				GCC_WARN_UNUSED_FUNCTION = YES;
				GCC_WARN_UNUSED_VARIABLE = YES;
				IPHONEOS_DEPLOYMENT_TARGET = 12.1;
				MTL_ENABLE_DEBUG_INFO = NO;
				MTL_FAST_MATH = YES;
				SDKROOT = iphoneos;
				SWIFT_COMPILATION_MODE = wholemodule;
				SWIFT_OPTIMIZATION_LEVEL = "-O";
				VALIDATE_PRODUCT = YES;
			};
			name = Release;
		};
		D96C52A222780BD100449083 /* Debug */ = {
			isa = XCBuildConfiguration;
			buildSettings = {
				ASSETCATALOG_COMPILER_APPICON_NAME = AppIcon;
				CODE_SIGN_STYLE = Automatic;
				INFOPLIST_FILE = SpotlightSearchDemo/Info.plist;
				LD_RUNPATH_SEARCH_PATHS = (
					"$(inherited)",
					"@executable_path/Frameworks",
				);
				PRODUCT_BUNDLE_IDENTIFIER = Esperanca.SpotlightSearchDemo;
				PRODUCT_NAME = "$(TARGET_NAME)";
				SWIFT_VERSION = 4.2;
				TARGETED_DEVICE_FAMILY = "1,2";
			};
			name = Debug;
		};
		D96C52A322780BD100449083 /* Release */ = {
			isa = XCBuildConfiguration;
			buildSettings = {
				ASSETCATALOG_COMPILER_APPICON_NAME = AppIcon;
				CODE_SIGN_STYLE = Automatic;
				INFOPLIST_FILE = SpotlightSearchDemo/Info.plist;
				LD_RUNPATH_SEARCH_PATHS = (
					"$(inherited)",
					"@executable_path/Frameworks",
				);
				PRODUCT_BUNDLE_IDENTIFIER = Esperanca.SpotlightSearchDemo;
				PRODUCT_NAME = "$(TARGET_NAME)";
				SWIFT_VERSION = 4.2;
				TARGETED_DEVICE_FAMILY = "1,2";
			};
			name = Release;
		};
/* End XCBuildConfiguration section */

/* Begin XCConfigurationList section */
		D96C528A22780BCF00449083 /* Build configuration list for PBXProject "SpotlightSearchDemo" */ = {
			isa = XCConfigurationList;
			buildConfigurations = (
				D96C529F22780BD100449083 /* Debug */,
				D96C52A022780BD100449083 /* Release */,
			);
			defaultConfigurationIsVisible = 0;
			defaultConfigurationName = Release;
		};
		D96C52A122780BD100449083 /* Build configuration list for PBXNativeTarget "SpotlightSearchDemo" */ = {
			isa = XCConfigurationList;
			buildConfigurations = (
				D96C52A222780BD100449083 /* Debug */,
				D96C52A322780BD100449083 /* Release */,
			);
			defaultConfigurationIsVisible = 0;
			defaultConfigurationName = Release;
		};
/* End XCConfigurationList section */
	};
	rootObject = D96C528722780BCF00449083 /* Project object */;
}
